# THIS IS AN AUTOGENERATED FILE. DO NOT EDIT THIS FILE DIRECTLY.
# yarn lockfile v1


"@adraffy/ens-normalize@1.10.0":
  version "1.10.0"
  resolved "https://registry.yarnpkg.com/@adraffy/ens-normalize/-/ens-normalize-1.10.0.tgz#d2a39395c587e092d77cbbc80acf956a54f38bf7"
  integrity sha512-nA9XHtlAkYfJxY7bce8DcN7eKxWWCWkU+1GR9d+U6MbNpfwQp8TI7vqOsBsMcHoT4mBu2kypKoSKnghEzOOq5Q==

"@noble/curves@1.2.0", "@noble/curves@~1.2.0":
  version "1.2.0"
  resolved "https://registry.yarnpkg.com/@noble/curves/-/curves-1.2.0.tgz#92d7e12e4e49b23105a2555c6984d41733d65c35"
  integrity sha512-oYclrNgRaM9SsBUBVbb8M6DTV7ZHRTKugureoYEncY5c65HOmRzvSiTE3y5CYaPYJA/GVkrhXEoF0M3Ya9PMnw==
  dependencies:
    "@noble/hashes" "1.3.2"

"@noble/hashes@1.3.2":
  version "1.3.2"
  resolved "https://registry.yarnpkg.com/@noble/hashes/-/hashes-1.3.2.tgz#6f26dbc8fbc7205873ce3cee2f690eba0d421b39"
  integrity sha512-MVC8EAQp7MvEcm30KWENFjgR+Mkmf+D189XJTkFIlwohU5hcBbn1ZkKq7KVTi2Hme3PMGF390DaL52beVrIihQ==

"@noble/hashes@~1.3.0", "@noble/hashes@~1.3.2":
  version "1.3.3"
  resolved "https://registry.yarnpkg.com/@noble/hashes/-/hashes-1.3.3.tgz#39908da56a4adc270147bb07968bf3b16cfe1699"
  integrity sha512-V7/fPHgl+jsVPXqqeOzT8egNj2iBIVt+ECeMMG8TdcnTikP3oaBtUVqpT/gYCR68aEBJSF+XbYUxStjbFMqIIA==

"@scure/base@~1.1.0", "@scure/base@~1.1.2":
  version "1.1.4"
  resolved "https://registry.yarnpkg.com/@scure/base/-/base-1.1.4.tgz#cb6a3552ee15595d9864a0a4e89ffcd21ebe8c39"
  integrity sha512-wznebWtt+ejH8el87yuD4i9xLSbYZXf1Pe4DY0o/zq/eg5I0VQVXVbFs6XIM0pNVCJ/uE3t5wI9kh90mdLUxtw==

"@scure/bip32@1.3.2":
  version "1.3.2"
  resolved "https://registry.yarnpkg.com/@scure/bip32/-/bip32-1.3.2.tgz#90e78c027d5e30f0b22c1f8d50ff12f3fb7559f8"
  integrity sha512-N1ZhksgwD3OBlwTv3R6KFEcPojl/W4ElJOeCZdi+vuI5QmTFwLq3OFf2zd2ROpKvxFdgZ6hUpb0dx9bVNEwYCA==
  dependencies:
    "@noble/curves" "~1.2.0"
    "@noble/hashes" "~1.3.2"
    "@scure/base" "~1.1.2"

"@scure/bip39@1.2.1":
  version "1.2.1"
  resolved "https://registry.yarnpkg.com/@scure/bip39/-/bip39-1.2.1.tgz#5cee8978656b272a917b7871c981e0541ad6ac2a"
  integrity sha512-Z3/Fsz1yr904dduJD0NpiyRHhRYHdcnyh73FZWiV+/qhWi83wNJ3NWolYqCEN+ZWsUz2TWwajJggcRE9r1zUYg==
  dependencies:
    "@noble/hashes" "~1.3.0"
    "@scure/base" "~1.1.0"

abitype@0.9.8:
  version "0.9.8"
  resolved "https://registry.yarnpkg.com/abitype/-/abitype-0.9.8.tgz#1f120b6b717459deafd213dfbf3a3dd1bf10ae8c"
  integrity sha512-puLifILdm+8sjyss4S+fsUN09obiT1g2YW6CtcQF+QDzxR0euzgEB29MZujC6zMk2a6SVmtttq1fc6+YFA7WYQ==

bun-types@latest:
  version "1.0.17"
  resolved "https://registry.yarnpkg.com/bun-types/-/bun-types-1.0.17.tgz#82f0b171fc3c84ba2123e26eb8d4b457279c5935"
  integrity sha512-5dj7Pi0qmZB1gaY2LmtKKrKixgnxi/qDcawsA4ttWQhT0jWyecSEB8la7c6DIgrMkJciixAtyLLe3aj0SJaRAw==

isows@1.0.3:
  version "1.0.3"
  resolved "https://registry.yarnpkg.com/isows/-/isows-1.0.3.tgz#93c1cf0575daf56e7120bab5c8c448b0809d0d74"
  integrity sha512-2cKei4vlmg2cxEjm3wVSqn8pcoRF/LX/wpifuuNquFO4SQmPwarClT+SUCA2lt+l581tTeZIPIZuIDo2jWN1fg==

viem@^1.19.13:
  version "1.19.13"
  resolved "https://registry.yarnpkg.com/viem/-/viem-1.19.13.tgz#3a018720bd2abf54a039c751fc2bcd473838c523"
  integrity sha512-DizIwJAecLedI+nq6c5LIqCLAnYXUhQX5BnH6o1H2ln6isPyJVf+v4H1IfMlRHgR5KRlC+wGI/mCjarr3tW6eg==
  dependencies:
    "@adraffy/ens-normalize" "1.10.0"
    "@noble/curves" "1.2.0"
    "@noble/hashes" "1.3.2"
    "@scure/bip32" "1.3.2"
    "@scure/bip39" "1.2.1"
    abitype "0.9.8"
    isows "1.0.3"
    ws "8.13.0"

ws@8.13.0:
  version "8.13.0"
  resolved "https://registry.yarnpkg.com/ws/-/ws-8.13.0.tgz#9a9fb92f93cf41512a0735c8f4dd09b8a1211cd0"
  integrity sha512-x9vcZYTrFPC7aSIbj7sRCYo7L/Xb8Iy+pW0ng0wt2vCJv7M9HOMy0UoN3rr+IFC7hb7vXoqS+P9ktyLLLhO+LA==
